{
  "name": "hypno-native-browser",
  "version": "1.0.0",
  "lockfileVersion": 3,
  "requires": true,
  "packages": {
    "": {
      "name": "hypno-native-browser",
      "version": "1.0.0",
      "devDependencies": {
        "@types/vscode": "^1.70.0"
      },
      "engines": {
        "vscode": "^1.70.0"
      }
    },
    "node_modules/@types/vscode": {
      "version": "1.109.0",
      "resolved": "https://registry.npmjs.org/@types/vscode/-/vscode-1.109.0.tgz",
      "integrity": "sha512-0Pf95rnwEIwDbmXGC08r0B4TQhAbsHQ5UyTIgVgoieDe4cOnf92usuR5dEczb6bTKEp7ziZH4TV1TRGPPCExtw==",
      "dev": true,
      "license": "MIT"
    }
  }
}
