{
	"name": "src",
	"lockfileVersion": 3,
	"requires": true,
	"packages": {
		"": {
			"dependencies": {
				"@mistralai/mistralai": "^1.3.5",
				"zod": "^3.23.8"
			}
		},
		"node_modules/@mistralai/mistralai": {
			"version": "1.3.5",
			"resolved": "https://registry.npmjs.org/@mistralai/mistralai/-/mistralai-1.3.5.tgz",
			"integrity": "sha512-yC91oJ5ScEPqbXmv3mJTwTFgu/ZtsYoOPOhaVXSsy6x4zXTqTI57yEC1flC9uiA8GpG/yhpn2BBUXF95+U9Blw==",
			"peerDependencies": {
				"react": "^18 || ^19",
				"react-dom": "^18 || ^19",
				"zod": ">= 3"
			}
		},
		"node_modules/react": {
			"version": "19.0.0",
			"resolved": "https://registry.npmjs.org/react/-/react-19.0.0.tgz",
			"integrity": "sha512-V8AVnmPIICiWpGfm6GLzCR/W5FXLchHop40W4nXBmdlEceh16rCN8O8LNWm5bh5XUX91fh7KpA+W0TgMKmgTpQ==",
			"license": "MIT",
			"peer": true,
			"engines": {
				"node": ">=0.10.0"
			}
		},
		"node_modules/react-dom": {
			"version": "19.0.0",
			"resolved": "https://registry.npmjs.org/react-dom/-/react-dom-19.0.0.tgz",
			"integrity": "sha512-4GV5sHFG0e/0AD4X+ySy6UJd3jVl1iNsNHdpad0qhABJ11twS3TTBnseqsKurKcsNqCEFeGL3uLpVChpIO3QfQ==",
			"license": "MIT",
			"peer": true,
			"dependencies": {
				"scheduler": "^0.25.0"
			},
			"peerDependencies": {
				"react": "^19.0.0"
			}
		},
		"node_modules/scheduler": {
			"version": "0.25.0",
			"resolved": "https://registry.npmjs.org/scheduler/-/scheduler-0.25.0.tgz",
			"integrity": "sha512-xFVuu11jh+xcO7JOAGJNOXld8/TcEHK/4CituBUeUb5hqxJLj9YuemAEuvm9gQ/+pgXYfbQuqAkiYu+u7YEsNA==",
			"license": "MIT",
			"peer": true
		},
		"node_modules/zod": {
			"version": "3.23.8",
			"resolved": "https://registry.npmjs.org/zod/-/zod-3.23.8.tgz",
			"integrity": "sha512-XBx9AXhXktjUqnepgTiE5flcKIYWi/rme0Eaj+5Y0lftuGBq+jyRu/md4WnuxqgP1ubdpNCsYEYPxrzVHD8d6g==",
			"license": "MIT",
			"funding": {
				"url": "https://github.com/sponsors/colinhacks"
			}
		}
	}
}
